
Microsoft Visual Studio Solution File, Format Version 12.00
# Visual Studio Version 16
VisualStudioVersion = 16.0.31624.102
MinimumVisualStudioVersion = 10.0.40219.1
Project("{8BC9CEB8-8B4A-11D0-8D11-00A0C91BC942}") = "EC504_project", "EC504_project.vcxproj", "{DCC71ECB-04E9-422F-B690-F2CD292AE786}"
EndProject
Global
	GlobalSection(SolutionConfigurationPlatforms) = preSolution
		Debug|x64 = Debug|x64
		Debug|x86 = Debug|x86
		Release|x64 = Release|x64
		Release|x86 = Release|x86
	EndGlobalSection
	GlobalSection(ProjectConfigurationPlatforms) = postSolution
		{DCC71ECB-04E9-422F-B690-F2CD292AE786}.Debug|x64.ActiveCfg = Debug|x64
		{DCC71ECB-04E9-422F-B690-F2CD292AE786}.Debug|x64.Build.0 = Debug|x64
		{DCC71ECB-04E9-422F-B690-F2CD292AE786}.Debug|x86.ActiveCfg = Debug|Win32
		{DCC71ECB-04E9-422F-B690-F2CD292AE786}.Debug|x86.Build.0 = Debug|Win32
		{DCC71ECB-04E9-422F-B690-F2CD292AE786}.Release|x64.ActiveCfg = Release|x64
		{DCC71ECB-04E9-422F-B690-F2CD292AE786}.Release|x64.Build.0 = Release|x64
		{DCC71ECB-04E9-422F-B690-F2CD292AE786}.Release|x86.ActiveCfg = Release|Win32
		{DCC71ECB-04E9-422F-B690-F2CD292AE786}.Release|x86.Build.0 = Release|Win32
	EndGlobalSection
	GlobalSection(SolutionProperties) = preSolution
		HideSolutionNode = FALSE
	EndGlobalSection
	GlobalSection(ExtensibilityGlobals) = postSolution
		SolutionGuid = {B1991730-0DA4-4C23-A6F4-3432DD1A9203}
	EndGlobalSection
EndGlobal
